
Microsoft Visual Studio Solution File, Format Version 12.00
# Visual Studio Version 16
VisualStudioVersion = 16.0.31515.178
MinimumVisualStudioVersion = 10.0.40219.1
Project("{FAE04EC0-301F-11D3-BF4B-00C04F79EFBC}") = "MISA.EShop.API", "MISA.EShop.API\MISA.EShop.API.csproj", "{2DB231F8-96CD-4225-960A-BDB6480EB8CD}"
EndProject
Project("{FAE04EC0-301F-11D3-BF4B-00C04F79EFBC}") = "MISA.Core", "MISA.Core\MISA.Core.csproj", "{421F7E73-FD2F-43D5-997A-F7913E441922}"
EndProject
Project("{FAE04EC0-301F-11D3-BF4B-00C04F79EFBC}") = "MISA.Infrastructure", "MISA.Infrastructure\MISA.Infrastructure.csproj", "{EF0B87B4-6A89-42AA-BA1C-D97D1DB68DD4}"
EndProject
Global
	GlobalSection(SolutionConfigurationPlatforms) = preSolution
		Debug|Any CPU = Debug|Any CPU
		Release|Any CPU = Release|Any CPU
	EndGlobalSection
	GlobalSection(ProjectConfigurationPlatforms) = postSolution
		{2DB231F8-96CD-4225-960A-BDB6480EB8CD}.Debug|Any CPU.ActiveCfg = Debug|Any CPU
		{2DB231F8-96CD-4225-960A-BDB6480EB8CD}.Debug|Any CPU.Build.0 = Debug|Any CPU
		{2DB231F8-96CD-4225-960A-BDB6480EB8CD}.Release|Any CPU.ActiveCfg = Release|Any CPU
		{2DB231F8-96CD-4225-960A-BDB6480EB8CD}.Release|Any CPU.Build.0 = Release|Any CPU
		{421F7E73-FD2F-43D5-997A-F7913E441922}.Debug|Any CPU.ActiveCfg = Debug|Any CPU
		{421F7E73-FD2F-43D5-997A-F7913E441922}.Debug|Any CPU.Build.0 = Debug|Any CPU
		{421F7E73-FD2F-43D5-997A-F7913E441922}.Release|Any CPU.ActiveCfg = Release|Any CPU
		{421F7E73-FD2F-43D5-997A-F7913E441922}.Release|Any CPU.Build.0 = Release|Any CPU
		{EF0B87B4-6A89-42AA-BA1C-D97D1DB68DD4}.Debug|Any CPU.ActiveCfg = Debug|Any CPU
		{EF0B87B4-6A89-42AA-BA1C-D97D1DB68DD4}.Debug|Any CPU.Build.0 = Debug|Any CPU
		{EF0B87B4-6A89-42AA-BA1C-D97D1DB68DD4}.Release|Any CPU.ActiveCfg = Release|Any CPU
		{EF0B87B4-6A89-42AA-BA1C-D97D1DB68DD4}.Release|Any CPU.Build.0 = Release|Any CPU
	EndGlobalSection
	GlobalSection(SolutionProperties) = preSolution
		HideSolutionNode = FALSE
	EndGlobalSection
	GlobalSection(ExtensibilityGlobals) = postSolution
		SolutionGuid = {5957A47F-3EE2-4829-A90D-0FC124069148}
	EndGlobalSection
EndGlobal
